%{"amrita": {:git, "https://github.com/josephwilk/amrita.git", "753fb7c1b31d70ffbe6ac7bf6e6077983f74f98d", []},
  "conform": {:hex, :conform, "0.11.0"},
  "cowboy": {:hex, :cowboy, "1.0.4"},
  "cowlib": {:hex, :cowlib, "1.0.2"},
  "edate": {:git, "https://github.com/dweldon/edate.git", "640718ee7fde7d5bac0c5d228d0a4acd8712f719", []},
  "exrm": {:hex, :exrm, "0.14.17"},
  "meck": {:git, "https://github.com/eproxus/meck.git", "ccc817ee45a8ee1f2ba244ab3e8f1ddc178df685", [branch: "master"]},
  "phoenix": {:hex, :phoenix, "1.1.1"},
  "phoenix_html": {:hex, :phoenix_html, "2.3.1"},
  "plug": {:hex, :plug, "1.0.3"},
  "poison": {:hex, :poison, "1.3.1"},
  "ranch": {:hex, :ranch, "1.2.0"},
  "repeatex": {:git, "https://github.com/rcdilorenzo/repeatex.git", "b5bc90179a7fa6f802895d628ecce244bf300fb8", []}}
